
Microsoft Visual Studio Solution File, Format Version 12.00
# Visual Studio 15
VisualStudioVersion = 15.0.28307.572
MinimumVisualStudioVersion = 10.0.40219.1
Project("{FAE04EC0-301F-11D3-BF4B-00C04F79EFBC}") = "jamfinderserver", "jamfinderserver\jamfinderserver.csproj", "{880EDDC7-48C2-486D-B05C-D5479BA1402D}"
EndProject
Global
	GlobalSection(SolutionConfigurationPlatforms) = preSolution
		Debug|Any CPU = Debug|Any CPU
		Release|Any CPU = Release|Any CPU
	EndGlobalSection
	GlobalSection(ProjectConfigurationPlatforms) = postSolution
		{880EDDC7-48C2-486D-B05C-D5479BA1402D}.Debug|Any CPU.ActiveCfg = Debug|Any CPU
		{880EDDC7-48C2-486D-B05C-D5479BA1402D}.Debug|Any CPU.Build.0 = Debug|Any CPU
		{880EDDC7-48C2-486D-B05C-D5479BA1402D}.Release|Any CPU.ActiveCfg = Release|Any CPU
		{880EDDC7-48C2-486D-B05C-D5479BA1402D}.Release|Any CPU.Build.0 = Release|Any CPU
	EndGlobalSection
	GlobalSection(SolutionProperties) = preSolution
		HideSolutionNode = FALSE
	EndGlobalSection
	GlobalSection(ExtensibilityGlobals) = postSolution
		SolutionGuid = {5520621B-4C02-4027-8A72-1288D23976B2}
	EndGlobalSection
EndGlobal
